// !$*UTF8*$!
{
	archiveVersion = 1;
	classes = {
	};
	objectVersion = 46;
	objects = {

/* Begin PBXBuildFile section */
		59CF304C1D85AA980041B89C /* AppDelegate.swift in Sources */ = {isa = PBXBuildFile; fileRef = 59CF304B1D85AA980041B89C /* AppDelegate.swift */; };
		59CF304E1D85AA980041B89C /* VulcanDetectorController.swift in Sources */ = {isa = PBXBuildFile; fileRef = 59CF304D1D85AA980041B89C /* VulcanDetectorController.swift */; };
		59CF30531D85AA980041B89C /* Assets.xcassets in Resources */ = {isa = PBXBuildFile; fileRef = 59CF30521D85AA980041B89C /* Assets.xcassets */; };
		59CF30561D85AA980041B89C /* LaunchScreen.storyboard in Resources */ = {isa = PBXBuildFile; fileRef = 59CF30541D85AA980041B89C /* LaunchScreen.storyboard */; };
		59CF305F1D85ACAF0041B89C /* System Settings.swift in Sources */ = {isa = PBXBuildFile; fileRef = 59CF305E1D85ACAF0041B89C /* System Settings.swift */; };
		D704034C8238140AA47368AD /* Pods_vulcanDetector.framework in Frameworks */ = {isa = PBXBuildFile; fileRef = C56F8136526102E131CCE06F /* Pods_vulcanDetector.framework */; };
/* End PBXBuildFile section */

/* Begin PBXFileReference section */
		593444EA1D868EE300366880 /* MyPlayground.playground */ = {isa = PBXFileReference; lastKnownFileType = file.playground; path = MyPlayground.playground; sourceTree = "<group>"; };
		59CF30481D85AA980041B89C /* vulcanDetector.app */ = {isa = PBXFileReference; explicitFileType = wrapper.application; includeInIndex = 0; path = vulcanDetector.app; sourceTree = BUILT_PRODUCTS_DIR; };
		59CF304B1D85AA980041B89C /* AppDelegate.swift */ = {isa = PBXFileReference; lastKnownFileType = sourcecode.swift; path = AppDelegate.swift; sourceTree = "<group>"; };
		59CF304D1D85AA980041B89C /* VulcanDetectorController.swift */ = {isa = PBXFileReference; lastKnownFileType = sourcecode.swift; path = VulcanDetectorController.swift; sourceTree = "<group>"; };
		59CF30521D85AA980041B89C /* Assets.xcassets */ = {isa = PBXFileReference; lastKnownFileType = folder.assetcatalog; path = Assets.xcassets; sourceTree = "<group>"; };
		59CF30551D85AA980041B89C /* Base */ = {isa = PBXFileReference; lastKnownFileType = file.storyboard; name = Base; path = Base.lproj/LaunchScreen.storyboard; sourceTree = "<group>"; };
		59CF30571D85AA980041B89C /* Info.plist */ = {isa = PBXFileReference; lastKnownFileType = text.plist.xml; path = Info.plist; sourceTree = "<group>"; };
		59CF305E1D85ACAF0041B89C /* System Settings.swift */ = {isa = PBXFileReference; fileEncoding = 4; lastKnownFileType = sourcecode.swift; path = "System Settings.swift"; sourceTree = "<group>"; };
		BD4F2AC3CE4172A285C1F946 /* Pods-vulcanDetector.debug.xcconfig */ = {isa = PBXFileReference; includeInIndex = 1; lastKnownFileType = text.xcconfig; name = "Pods-vulcanDetector.debug.xcconfig"; path = "Pods/Target Support Files/Pods-vulcanDetector/Pods-vulcanDetector.debug.xcconfig"; sourceTree = "<group>"; };
		C56F8136526102E131CCE06F /* Pods_vulcanDetector.framework */ = {isa = PBXFileReference; explicitFileType = wrapper.framework; includeInIndex = 0; path = Pods_vulcanDetector.framework; sourceTree = BUILT_PRODUCTS_DIR; };
		EFB3B415330258352F4DB9A6 /* Pods-vulcanDetector.release.xcconfig */ = {isa = PBXFileReference; includeInIndex = 1; lastKnownFileType = text.xcconfig; name = "Pods-vulcanDetector.release.xcconfig"; path = "Pods/Target Support Files/Pods-vulcanDetector/Pods-vulcanDetector.release.xcconfig"; sourceTree = "<group>"; };
/* End PBXFileReference section */

/* Begin PBXFrameworksBuildPhase section */
		59CF30451D85AA980041B89C /* Frameworks */ = {
			isa = PBXFrameworksBuildPhase;
			buildActionMask = 2147483647;
			files = (
				D704034C8238140AA47368AD /* Pods_vulcanDetector.framework in Frameworks */,
			);
			runOnlyForDeploymentPostprocessing = 0;
		};
/* End PBXFrameworksBuildPhase section */

/* Begin PBXGroup section */
		59CF303F1D85AA980041B89C = {
			isa = PBXGroup;
			children = (
				59CF304A1D85AA980041B89C /* vulcanDetector */,
				59CF30491D85AA980041B89C /* Products */,
				A994A5048B4A10EFAB18FFBA /* Pods */,
				919FF31C70FA7B815A5CC5A3 /* Frameworks */,
			);
			sourceTree = "<group>";
		};
		59CF30491D85AA980041B89C /* Products */ = {
			isa = PBXGroup;
			children = (
				59CF30481D85AA980041B89C /* vulcanDetector.app */,
			);
			name = Products;
			sourceTree = "<group>";
		};
		59CF304A1D85AA980041B89C /* vulcanDetector */ = {
			isa = PBXGroup;
			children = (
				59CF304B1D85AA980041B89C /* AppDelegate.swift */,
				59CF304D1D85AA980041B89C /* VulcanDetectorController.swift */,
				59CF305E1D85ACAF0041B89C /* System Settings.swift */,
				59CF30521D85AA980041B89C /* Assets.xcassets */,
				59CF305D1D85AAA50041B89C /* Supporting Files */,
			);
			path = vulcanDetector;
			sourceTree = "<group>";
		};
		59CF305D1D85AAA50041B89C /* Supporting Files */ = {
			isa = PBXGroup;
			children = (
				59CF30541D85AA980041B89C /* LaunchScreen.storyboard */,
				59CF30571D85AA980041B89C /* Info.plist */,
				593444EA1D868EE300366880 /* MyPlayground.playground */,
			);
			name = "Supporting Files";
			sourceTree = "<group>";
		};
		919FF31C70FA7B815A5CC5A3 /* Frameworks */ = {
			isa = PBXGroup;
			children = (
				C56F8136526102E131CCE06F /* Pods_vulcanDetector.framework */,
			);
			name = Frameworks;
			sourceTree = "<group>";
		};
		A994A5048B4A10EFAB18FFBA /* Pods */ = {
			isa = PBXGroup;
			children = (
				BD4F2AC3CE4172A285C1F946 /* Pods-vulcanDetector.debug.xcconfig */,
				EFB3B415330258352F4DB9A6 /* Pods-vulcanDetector.release.xcconfig */,
			);
			name = Pods;
			sourceTree = "<group>";
		};
/* End PBXGroup section */

/* Begin PBXNativeTarget section */
		59CF30471D85AA980041B89C /* vulcanDetector */ = {
			isa = PBXNativeTarget;
			buildConfigurationList = 59CF305A1D85AA980041B89C /* Build configuration list for PBXNativeTarget "vulcanDetector" */;
			buildPhases = (
				C2EBA7A52CE18C4BEFFB9A49 /* [CP] Check Pods Manifest.lock */,
				59CF30441D85AA980041B89C /* Sources */,
				59CF30451D85AA980041B89C /* Frameworks */,
				59CF30461D85AA980041B89C /* Resources */,
				77EFB058202D47D1A27AA425 /* [CP] Embed Pods Frameworks */,
				8E5170A6CC97802F5C371980 /* [CP] Copy Pods Resources */,
			);
			buildRules = (
			);
			dependencies = (
			);
			name = vulcanDetector;
			productName = vulcanDetector;
			productReference = 59CF30481D85AA980041B89C /* vulcanDetector.app */;
			productType = "com.apple.product-type.application";
		};
/* End PBXNativeTarget section */

/* Begin PBXProject section */
		59CF30401D85AA980041B89C /* Project object */ = {
			isa = PBXProject;
			attributes = {
				LastSwiftUpdateCheck = 0730;
				LastUpgradeCheck = 0730;
				ORGANIZATIONNAME = "Park Seyoung";
				TargetAttributes = {
					59CF30471D85AA980041B89C = {
						CreatedOnToolsVersion = 7.3;
						DevelopmentTeam = D5C4RXBP5H;
					};
				};
			};
			buildConfigurationList = 59CF30431D85AA980041B89C /* Build configuration list for PBXProject "vulcanDetector" */;
			compatibilityVersion = "Xcode 3.2";
			developmentRegion = English;
			hasScannedForEncodings = 0;
			knownRegions = (
				en,
				Base,
			);
			mainGroup = 59CF303F1D85AA980041B89C;
			productRefGroup = 59CF30491D85AA980041B89C /* Products */;
			projectDirPath = "";
			projectRoot = "";
			targets = (
				59CF30471D85AA980041B89C /* vulcanDetector */,
			);
		};
/* End PBXProject section */

/* Begin PBXResourcesBuildPhase section */
		59CF30461D85AA980041B89C /* Resources */ = {
			isa = PBXResourcesBuildPhase;
			buildActionMask = 2147483647;
			files = (
				59CF30561D85AA980041B89C /* LaunchScreen.storyboard in Resources */,
				59CF30531D85AA980041B89C /* Assets.xcassets in Resources */,
			);
			runOnlyForDeploymentPostprocessing = 0;
		};
/* End PBXResourcesBuildPhase section */

/* Begin PBXShellScriptBuildPhase section */
		77EFB058202D47D1A27AA425 /* [CP] Embed Pods Frameworks */ = {
			isa = PBXShellScriptBuildPhase;
			buildActionMask = 2147483647;
			files = (
			);
			inputPaths = (
			);
			name = "[CP] Embed Pods Frameworks";
			outputPaths = (
			);
			runOnlyForDeploymentPostprocessing = 0;
			shellPath = /bin/sh;
			shellScript = "\"${SRCROOT}/Pods/Target Support Files/Pods-vulcanDetector/Pods-vulcanDetector-frameworks.sh\"\n";
			showEnvVarsInLog = 0;
		};
		8E5170A6CC97802F5C371980 /* [CP] Copy Pods Resources */ = {
			isa = PBXShellScriptBuildPhase;
			buildActionMask = 2147483647;
			files = (
			);
			inputPaths = (
			);
			name = "[CP] Copy Pods Resources";
			outputPaths = (
			);
			runOnlyForDeploymentPostprocessing = 0;
			shellPath = /bin/sh;
			shellScript = "\"${SRCROOT}/Pods/Target Support Files/Pods-vulcanDetector/Pods-vulcanDetector-resources.sh\"\n";
			showEnvVarsInLog = 0;
		};
		C2EBA7A52CE18C4BEFFB9A49 /* [CP] Check Pods Manifest.lock */ = {
			isa = PBXShellScriptBuildPhase;
			buildActionMask = 2147483647;
			files = (
			);
			inputPaths = (
			);
			name = "[CP] Check Pods Manifest.lock";
			outputPaths = (
			);
			runOnlyForDeploymentPostprocessing = 0;
			shellPath = /bin/sh;
			shellScript = "diff \"${PODS_ROOT}/../Podfile.lock\" \"${PODS_ROOT}/Manifest.lock\" > /dev/null\nif [[ $? != 0 ]] ; then\n    cat << EOM\nerror: The sandbox is not in sync with the Podfile.lock. Run 'pod install' or update your CocoaPods installation.\nEOM\n    exit 1\nfi\n";
			showEnvVarsInLog = 0;
		};
/* End PBXShellScriptBuildPhase section */

/* Begin PBXSourcesBuildPhase section */
		59CF30441D85AA980041B89C /* Sources */ = {
			isa = PBXSourcesBuildPhase;
			buildActionMask = 2147483647;
			files = (
				59CF304E1D85AA980041B89C /* VulcanDetectorController.swift in Sources */,
				59CF305F1D85ACAF0041B89C /* System Settings.swift in Sources */,
				59CF304C1D85AA980041B89C /* AppDelegate.swift in Sources */,
			);
			runOnlyForDeploymentPostprocessing = 0;
		};
/* End PBXSourcesBuildPhase section */

/* Begin PBXVariantGroup section */
		59CF30541D85AA980041B89C /* LaunchScreen.storyboard */ = {
			isa = PBXVariantGroup;
			children = (
				59CF30551D85AA980041B89C /* Base */,
			);
			name = LaunchScreen.storyboard;
			sourceTree = "<group>";
		};
/* End PBXVariantGroup section */

/* Begin XCBuildConfiguration section */
		59CF30581D85AA980041B89C /* Debug */ = {
			isa = XCBuildConfiguration;
			buildSettings = {
				ALWAYS_SEARCH_USER_PATHS = NO;
				CLANG_ANALYZER_NONNULL = YES;
				CLANG_CXX_LANGUAGE_STANDARD = "gnu++0x";
				CLANG_CXX_LIBRARY = "libc++";
				CLANG_ENABLE_MODULES = YES;
				CLANG_ENABLE_OBJC_ARC = YES;
				CLANG_WARN_BOOL_CONVERSION = YES;
				CLANG_WARN_CONSTANT_CONVERSION = YES;
				CLANG_WARN_DIRECT_OBJC_ISA_USAGE = YES_ERROR;
				CLANG_WARN_EMPTY_BODY = YES;
				CLANG_WARN_ENUM_CONVERSION = YES;
				CLANG_WARN_INT_CONVERSION = YES;
				CLANG_WARN_OBJC_ROOT_CLASS = YES_ERROR;
				CLANG_WARN_UNREACHABLE_CODE = YES;
				CLANG_WARN__DUPLICATE_METHOD_MATCH = YES;
				"CODE_SIGN_IDENTITY[sdk=iphoneos*]" = "iPhone Developer";
				COPY_PHASE_STRIP = NO;
				DEBUG_INFORMATION_FORMAT = dwarf;
				ENABLE_STRICT_OBJC_MSGSEND = YES;
				ENABLE_TESTABILITY = YES;
				GCC_C_LANGUAGE_STANDARD = gnu99;
				GCC_DYNAMIC_NO_PIC = NO;
				GCC_NO_COMMON_BLOCKS = YES;
				GCC_OPTIMIZATION_LEVEL = 0;
				GCC_PREPROCESSOR_DEFINITIONS = (
					"DEBUG=1",
					"$(inherited)",
				);
				GCC_WARN_64_TO_32_BIT_CONVERSION = YES;
				GCC_WARN_ABOUT_RETURN_TYPE = YES_ERROR;
				GCC_WARN_UNDECLARED_SELECTOR = YES;
				GCC_WARN_UNINITIALIZED_AUTOS = YES_AGGRESSIVE;
				GCC_WARN_UNUSED_FUNCTION = YES;
				GCC_WARN_UNUSED_VARIABLE = YES;
				IPHONEOS_DEPLOYMENT_TARGET = 9.3;
				MTL_ENABLE_DEBUG_INFO = YES;
				ONLY_ACTIVE_ARCH = YES;
				SDKROOT = iphoneos;
				SWIFT_OPTIMIZATION_LEVEL = "-Onone";
				TARGETED_DEVICE_FAMILY = "1,2";
			};
			name = Debug;
		};
		59CF30591D85AA980041B89C /* Release */ = {
			isa = XCBuildConfiguration;
			buildSettings = {
				ALWAYS_SEARCH_USER_PATHS = NO;
				CLANG_ANALYZER_NONNULL = YES;
				CLANG_CXX_LANGUAGE_STANDARD = "gnu++0x";
				CLANG_CXX_LIBRARY = "libc++";
				CLANG_ENABLE_MODULES = YES;
				CLANG_ENABLE_OBJC_ARC = YES;
				CLANG_WARN_BOOL_CONVERSION = YES;
				CLANG_WARN_CONSTANT_CONVERSION = YES;
				CLANG_WARN_DIRECT_OBJC_ISA_USAGE = YES_ERROR;
				CLANG_WARN_EMPTY_BODY = YES;
				CLANG_WARN_ENUM_CONVERSION = YES;
				CLANG_WARN_INT_CONVERSION = YES;
				CLANG_WARN_OBJC_ROOT_CLASS = YES_ERROR;
				CLANG_WARN_UNREACHABLE_CODE = YES;
				CLANG_WARN__DUPLICATE_METHOD_MATCH = YES;
				"CODE_SIGN_IDENTITY[sdk=iphoneos*]" = "iPhone Developer";
				COPY_PHASE_STRIP = NO;
				DEBUG_INFORMATION_FORMAT = "dwarf-with-dsym";
				ENABLE_NS_ASSERTIONS = NO;
				ENABLE_STRICT_OBJC_MSGSEND = YES;
				GCC_C_LANGUAGE_STANDARD = gnu99;
				GCC_NO_COMMON_BLOCKS = YES;
				GCC_WARN_64_TO_32_BIT_CONVERSION = YES;
				GCC_WARN_ABOUT_RETURN_TYPE = YES_ERROR;
				GCC_WARN_UNDECLARED_SELECTOR = YES;
				GCC_WARN_UNINITIALIZED_AUTOS = YES_AGGRESSIVE;
				GCC_WARN_UNUSED_FUNCTION = YES;
				GCC_WARN_UNUSED_VARIABLE = YES;
				IPHONEOS_DEPLOYMENT_TARGET = 9.3;
				MTL_ENABLE_DEBUG_INFO = NO;
				SDKROOT = iphoneos;
				TARGETED_DEVICE_FAMILY = "1,2";
				VALIDATE_PRODUCT = YES;
			};
			name = Release;
		};
		59CF305B1D85AA980041B89C /* Debug */ = {
			isa = XCBuildConfiguration;
			baseConfigurationReference = BD4F2AC3CE4172A285C1F946 /* Pods-vulcanDetector.debug.xcconfig */;
			buildSettings = {
				ASSETCATALOG_COMPILER_APPICON_NAME = AppIcon;
				CODE_SIGN_IDENTITY = "iPhone Developer";
				"CODE_SIGN_IDENTITY[sdk=iphoneos*]" = "iPhone Developer";
				INFOPLIST_FILE = vulcanDetector/Info.plist;
				LD_RUNPATH_SEARCH_PATHS = "$(inherited) @executable_path/Frameworks";
				PRODUCT_BUNDLE_IDENTIFIER = com.seyoung.vulcanDetector;
				PRODUCT_NAME = "$(TARGET_NAME)";
				PROVISIONING_PROFILE = "";
			};
			name = Debug;
		};
		59CF305C1D85AA980041B89C /* Release */ = {
			isa = XCBuildConfiguration;
			baseConfigurationReference = EFB3B415330258352F4DB9A6 /* Pods-vulcanDetector.release.xcconfig */;
			buildSettings = {
				ASSETCATALOG_COMPILER_APPICON_NAME = AppIcon;
				CODE_SIGN_IDENTITY = "iPhone Developer";
				"CODE_SIGN_IDENTITY[sdk=iphoneos*]" = "iPhone Developer";
				INFOPLIST_FILE = vulcanDetector/Info.plist;
				LD_RUNPATH_SEARCH_PATHS = "$(inherited) @executable_path/Frameworks";
				PRODUCT_BUNDLE_IDENTIFIER = com.seyoung.vulcanDetector;
				PRODUCT_NAME = "$(TARGET_NAME)";
				PROVISIONING_PROFILE = "";
			};
			name = Release;
		};
/* End XCBuildConfiguration section */

/* Begin XCConfigurationList section */
		59CF30431D85AA980041B89C /* Build configuration list for PBXProject "vulcanDetector" */ = {
			isa = XCConfigurationList;
			buildConfigurations = (
				59CF30581D85AA980041B89C /* Debug */,
				59CF30591D85AA980041B89C /* Release */,
			);
			defaultConfigurationIsVisible = 0;
			defaultConfigurationName = Release;
		};
		59CF305A1D85AA980041B89C /* Build configuration list for PBXNativeTarget "vulcanDetector" */ = {
			isa = XCConfigurationList;
			buildConfigurations = (
				59CF305B1D85AA980041B89C /* Debug */,
				59CF305C1D85AA980041B89C /* Release */,
			);
			defaultConfigurationIsVisible = 0;
			defaultConfigurationName = Release;
		};
/* End XCConfigurationList section */
	};
	rootObject = 59CF30401D85AA980041B89C /* Project object */;
}
